
PODS:
- Caboodle (0.2.0)
- OCMock (2.0.1)
- Posit (0.0.2)
- Transcript (0.1.0)

DEPENDENCIES:
- Caboodle (~> 0.2.0)
- OCMock
- Posit (~> 0.0.2)
- Transcript (~> 0.1.0)

SPEC CHECKSUMS:
  Caboodle: 84c7cce3f558b9ede2289374bb6161e7784bc664
  OCMock: 77a9c4c57af6bf258a537d34cf09abf422affede
  Posit: cc326d26411b57634b395cc09a1d897b7578a94c
  Transcript: 396a15997011487ea9ec018add2fa9a89a007973

COCOAPODS: 0.16.1
