
PODS:
- Expecta (0.2.1)
- Inline (0.2.0):
  - Transcript (~> 0.1.0)
- OCMock (2.0.1)
- Specify (0.0.2):
  - Inline
- Transcript (0.1.0)

DEPENDENCIES:
- Expecta
- Inline (from `.')
- OCMock
- Specify
- Transcript (~> 0.1.0)

EXTERNAL SOURCES:
  Inline:
    :local: .

SPEC CHECKSUMS:
  Transcript: 396a15997011487ea9ec018add2fa9a89a007973
  Expecta: d46fb1bd78c90a83da0158b9b1e108de106e369f
  Inline: 44956d4be2971f54dfb4314a955b2d2276170939
  OCMock: 77a9c4c57af6bf258a537d34cf09abf422affede
  Specify: dde17eac50fae44e35498d2436c28dc7b451c783

COCOAPODS: 0.16.1
