// !$*UTF8*$!
{
	archiveVersion = 1;
	classes = {
	};
	objectVersion = 46;
	objects = {

/* Begin PBXBuildFile section */
		02180A427B27452A8ACC3CB8 /* libPods-Unit Tests.a in Frameworks */ = {isa = PBXBuildFile; fileRef = CFAE5470718542C68A1DE9E7 /* libPods-Unit Tests.a */; };
		7A2705D8CB044F23A8655CC9 /* libPods-Integrated Tests.a in Frameworks */ = {isa = PBXBuildFile; fileRef = 9A6FC86C17E540ACBFF3B6F2 /* libPods-Integrated Tests.a */; };
		941E267417196EF800E91EF5 /* INLRunnableInvocationTests.m in Sources */ = {isa = PBXBuildFile; fileRef = 941E267317196EF800E91EF5 /* INLRunnableInvocationTests.m */; };
		941E2677171972C100E91EF5 /* INLRunnableInvocation.m in Sources */ = {isa = PBXBuildFile; fileRef = 941E2676171972C100E91EF5 /* INLRunnableInvocation.m */; };
		941E26811719854700E91EF5 /* INLTestCaseRunner.m in Sources */ = {isa = PBXBuildFile; fileRef = 941E26801719854700E91EF5 /* INLTestCaseRunner.m */; };
		941E2685171991A000E91EF5 /* INLTwoPassingTestsTests.m in Sources */ = {isa = PBXBuildFile; fileRef = 941E2684171991A000E91EF5 /* INLTwoPassingTestsTests.m */; };
		941E26881719990E00E91EF5 /* INLParallelHooksTests.m in Sources */ = {isa = PBXBuildFile; fileRef = 941E26871719990E00E91EF5 /* INLParallelHooksTests.m */; };
		942A33CD17159C7F0019614A /* libInline.a in Frameworks */ = {isa = PBXBuildFile; fileRef = 94A1C77416A97B3F008C170D /* libInline.a */; };
		9450DC9D17184E8A006C0ABB /* INLSenTestCase.m in Sources */ = {isa = PBXBuildFile; fileRef = 9450DC9C17184E8A006C0ABB /* INLSenTestCase.m */; };
		947EA9F916B72AFC00FE8D79 /* INLTest.m in Sources */ = {isa = PBXBuildFile; fileRef = 947EA9F816B72AFC00FE8D79 /* INLTest.m */; };
		948D2FCF170C4DB70057A396 /* INLTestTests.m in Sources */ = {isa = PBXBuildFile; fileRef = 948D2FC5170C4DB70057A396 /* INLTestTests.m */; };
		9498982416F49B69005E06AB /* libInline.a in Frameworks */ = {isa = PBXBuildFile; fileRef = 94A1C77416A97B3F008C170D /* libInline.a */; };
		9498982616F49B75005E06AB /* SenTestingKit.framework in Frameworks */ = {isa = PBXBuildFile; fileRef = 9498982516F49B75005E06AB /* SenTestingKit.framework */; };
		9498982716F49B7D005E06AB /* SenTestingKit.framework in Frameworks */ = {isa = PBXBuildFile; fileRef = 9498982516F49B75005E06AB /* SenTestingKit.framework */; };
		94A1C77816A97B3F008C170D /* Foundation.framework in Frameworks */ = {isa = PBXBuildFile; fileRef = 94A1C77716A97B3F008C170D /* Foundation.framework */; };
		94A1C77D16A97B3F008C170D /* Inline.h in Copy Files */ = {isa = PBXBuildFile; fileRef = 94A1C77C16A97B3F008C170D /* Inline.h */; };
		94A1C78A16A97B3F008C170D /* Foundation.framework in Frameworks */ = {isa = PBXBuildFile; fileRef = 94A1C77716A97B3F008C170D /* Foundation.framework */; };
		94F66AA017117BF200F93685 /* SenTestingKit.framework in Frameworks */ = {isa = PBXBuildFile; fileRef = 9498982516F49B75005E06AB /* SenTestingKit.framework */; };
		94F66AA317117BF200F93685 /* Foundation.framework in Frameworks */ = {isa = PBXBuildFile; fileRef = 94A1C77716A97B3F008C170D /* Foundation.framework */; };
		94F66AAC17117BF200F93685 /* INLOnePassingTestTests.m in Sources */ = {isa = PBXBuildFile; fileRef = 94F66AAB17117BF200F93685 /* INLOnePassingTestTests.m */; };
		F7134C4E4356497FA0247A31 /* libPods.a in Frameworks */ = {isa = PBXBuildFile; fileRef = B81748F369994F9CAD780A8E /* libPods.a */; };
/* End PBXBuildFile section */

/* Begin PBXContainerItemProxy section */
		942A33C917159C4E0019614A /* PBXContainerItemProxy */ = {
			isa = PBXContainerItemProxy;
			containerPortal = 94A1C76B16A97B3F008C170D /* Project object */;
			proxyType = 1;
			remoteGlobalIDString = 94A1C77316A97B3F008C170D;
			remoteInfo = Inline;
		};
		942A33CE17159CC70019614A /* PBXContainerItemProxy */ = {
			isa = PBXContainerItemProxy;
			containerPortal = 94A1C76B16A97B3F008C170D /* Project object */;
			proxyType = 1;
			remoteGlobalIDString = 94A1C78416A97B3F008C170D;
			remoteInfo = "Unit Tests";
		};
		9498982216F49B65005E06AB /* PBXContainerItemProxy */ = {
			isa = PBXContainerItemProxy;
			containerPortal = 94A1C76B16A97B3F008C170D /* Project object */;
			proxyType = 1;
			remoteGlobalIDString = 94A1C77316A97B3F008C170D;
			remoteInfo = Inline;
		};
/* End PBXContainerItemProxy section */

/* Begin PBXCopyFilesBuildPhase section */
		94A1C77216A97B3F008C170D /* Copy Files */ = {
			isa = PBXCopyFilesBuildPhase;
			buildActionMask = 2147483647;
			dstPath = "include/${PRODUCT_NAME}";
			dstSubfolderSpec = 16;
			files = (
				94A1C77D16A97B3F008C170D /* Inline.h in Copy Files */,
			);
			name = "Copy Files";
			runOnlyForDeploymentPostprocessing = 0;
		};
/* End PBXCopyFilesBuildPhase section */

/* Begin PBXFileReference section */
		49893940671446DDAFC1ACF9 /* Pods-Integrated Tests.xcconfig */ = {isa = PBXFileReference; includeInIndex = 1; lastKnownFileType = text.xcconfig; name = "Pods-Integrated Tests.xcconfig"; path = "Pods/Pods-Integrated Tests.xcconfig"; sourceTree = SOURCE_ROOT; };
		60393545CE184FBABA042F2F /* Pods.xcconfig */ = {isa = PBXFileReference; includeInIndex = 1; lastKnownFileType = text.xcconfig; name = Pods.xcconfig; path = Pods/Pods.xcconfig; sourceTree = SOURCE_ROOT; };
		94088D4116A9AA1800D7DEFC /* INLTest.h */ = {isa = PBXFileReference; fileEncoding = 4; lastKnownFileType = sourcecode.c.h; path = INLTest.h; sourceTree = "<group>"; };
		941E267317196EF800E91EF5 /* INLRunnableInvocationTests.m */ = {isa = PBXFileReference; fileEncoding = 4; lastKnownFileType = sourcecode.c.objc; path = INLRunnableInvocationTests.m; sourceTree = "<group>"; };
		941E2675171972C100E91EF5 /* INLRunnableInvocation.h */ = {isa = PBXFileReference; fileEncoding = 4; lastKnownFileType = sourcecode.c.h; path = INLRunnableInvocation.h; sourceTree = "<group>"; };
		941E2676171972C100E91EF5 /* INLRunnableInvocation.m */ = {isa = PBXFileReference; fileEncoding = 4; lastKnownFileType = sourcecode.c.objc; path = INLRunnableInvocation.m; sourceTree = "<group>"; };
		941E267F1719854700E91EF5 /* INLTestCaseRunner.h */ = {isa = PBXFileReference; fileEncoding = 4; lastKnownFileType = sourcecode.c.h; path = INLTestCaseRunner.h; sourceTree = "<group>"; };
		941E26801719854700E91EF5 /* INLTestCaseRunner.m */ = {isa = PBXFileReference; fileEncoding = 4; lastKnownFileType = sourcecode.c.objc; path = INLTestCaseRunner.m; sourceTree = "<group>"; };
		941E2684171991A000E91EF5 /* INLTwoPassingTestsTests.m */ = {isa = PBXFileReference; fileEncoding = 4; lastKnownFileType = sourcecode.c.objc; path = INLTwoPassingTestsTests.m; sourceTree = "<group>"; };
		941E26871719990E00E91EF5 /* INLParallelHooksTests.m */ = {isa = PBXFileReference; fileEncoding = 4; lastKnownFileType = sourcecode.c.objc; path = INLParallelHooksTests.m; sourceTree = "<group>"; };
		943A0342170B8C5A0071D7F6 /* INLTypes.h */ = {isa = PBXFileReference; lastKnownFileType = sourcecode.c.h; path = INLTypes.h; sourceTree = "<group>"; };
		9450DC9B17184E8A006C0ABB /* INLSenTestCase.h */ = {isa = PBXFileReference; fileEncoding = 4; lastKnownFileType = sourcecode.c.h; path = INLSenTestCase.h; sourceTree = "<group>"; };
		9450DC9C17184E8A006C0ABB /* INLSenTestCase.m */ = {isa = PBXFileReference; fileEncoding = 4; lastKnownFileType = sourcecode.c.objc; path = INLSenTestCase.m; sourceTree = "<group>"; };
		9450DC9E171852B0006C0ABB /* INLVersion.h */ = {isa = PBXFileReference; lastKnownFileType = sourcecode.c.h; path = INLVersion.h; sourceTree = "<group>"; };
		9450DCA6171858CC006C0ABB /* INLRunnable.h */ = {isa = PBXFileReference; lastKnownFileType = sourcecode.c.h; path = INLRunnable.h; sourceTree = "<group>"; };
		947EA9F816B72AFC00FE8D79 /* INLTest.m */ = {isa = PBXFileReference; fileEncoding = 4; lastKnownFileType = sourcecode.c.objc; lineEnding = 0; path = INLTest.m; sourceTree = "<group>"; xcLanguageSpecificationIdentifier = xcode.lang.objc; };
		948D2FC4170C4DB70057A396 /* INLTestHelper.pch */ = {isa = PBXFileReference; fileEncoding = 4; lastKnownFileType = sourcecode.c.h; path = INLTestHelper.pch; sourceTree = "<group>"; };
		948D2FC5170C4DB70057A396 /* INLTestTests.m */ = {isa = PBXFileReference; fileEncoding = 4; lastKnownFileType = sourcecode.c.objc; lineEnding = 0; path = INLTestTests.m; sourceTree = "<group>"; xcLanguageSpecificationIdentifier = xcode.lang.objc; };
		948D2FC6170C4DB70057A396 /* Unit Tests-Info.plist */ = {isa = PBXFileReference; fileEncoding = 4; lastKnownFileType = text.plist.xml; path = "Unit Tests-Info.plist"; sourceTree = "<group>"; };
		9491A0DE171AA4FB00E3F4EC /* INLTestDelegate.h */ = {isa = PBXFileReference; lastKnownFileType = sourcecode.c.h; path = INLTestDelegate.h; sourceTree = "<group>"; };
		9498982516F49B75005E06AB /* SenTestingKit.framework */ = {isa = PBXFileReference; lastKnownFileType = wrapper.framework; name = SenTestingKit.framework; path = Library/Frameworks/SenTestingKit.framework; sourceTree = DEVELOPER_DIR; };
		94A1C77416A97B3F008C170D /* libInline.a */ = {isa = PBXFileReference; explicitFileType = archive.ar; includeInIndex = 0; path = libInline.a; sourceTree = BUILT_PRODUCTS_DIR; };
		94A1C77716A97B3F008C170D /* Foundation.framework */ = {isa = PBXFileReference; lastKnownFileType = wrapper.framework; name = Foundation.framework; path = System/Library/Frameworks/Foundation.framework; sourceTree = SDKROOT; };
		94A1C77C16A97B3F008C170D /* Inline.h */ = {isa = PBXFileReference; lastKnownFileType = sourcecode.c.h; path = Inline.h; sourceTree = "<group>"; };
		94A1C78516A97B3F008C170D /* Unit Tests.octest */ = {isa = PBXFileReference; explicitFileType = wrapper.cfbundle; includeInIndex = 0; path = "Unit Tests.octest"; sourceTree = BUILT_PRODUCTS_DIR; };
		94F66A9F17117BF200F93685 /* Integrated Tests.octest */ = {isa = PBXFileReference; explicitFileType = wrapper.cfbundle; includeInIndex = 0; path = "Integrated Tests.octest"; sourceTree = BUILT_PRODUCTS_DIR; };
		94F66AA617117BF200F93685 /* Integrated Tests-Info.plist */ = {isa = PBXFileReference; lastKnownFileType = text.plist.xml; path = "Integrated Tests-Info.plist"; sourceTree = "<group>"; };
		94F66AAB17117BF200F93685 /* INLOnePassingTestTests.m */ = {isa = PBXFileReference; lastKnownFileType = sourcecode.c.objc; lineEnding = 0; path = INLOnePassingTestTests.m; sourceTree = "<group>"; xcLanguageSpecificationIdentifier = xcode.lang.objc; };
		94F66AAD17117BF200F93685 /* INLTestHelper.pch */ = {isa = PBXFileReference; lastKnownFileType = sourcecode.c.h; path = INLTestHelper.pch; sourceTree = "<group>"; };
		9A6358ECFE0243D18DEAEC0E /* Pods-Unit Tests.xcconfig */ = {isa = PBXFileReference; includeInIndex = 1; lastKnownFileType = text.xcconfig; name = "Pods-Unit Tests.xcconfig"; path = "Pods/Pods-Unit Tests.xcconfig"; sourceTree = SOURCE_ROOT; };
		9A6FC86C17E540ACBFF3B6F2 /* libPods-Integrated Tests.a */ = {isa = PBXFileReference; explicitFileType = archive.ar; includeInIndex = 0; path = "libPods-Integrated Tests.a"; sourceTree = BUILT_PRODUCTS_DIR; };
		B81748F369994F9CAD780A8E /* libPods.a */ = {isa = PBXFileReference; explicitFileType = archive.ar; includeInIndex = 0; path = libPods.a; sourceTree = BUILT_PRODUCTS_DIR; };
		CFAE5470718542C68A1DE9E7 /* libPods-Unit Tests.a */ = {isa = PBXFileReference; explicitFileType = archive.ar; includeInIndex = 0; path = "libPods-Unit Tests.a"; sourceTree = BUILT_PRODUCTS_DIR; };
/* End PBXFileReference section */

/* Begin PBXFrameworksBuildPhase section */
		94A1C77116A97B3F008C170D /* Frameworks */ = {
			isa = PBXFrameworksBuildPhase;
			buildActionMask = 2147483647;
			files = (
				94A1C77816A97B3F008C170D /* Foundation.framework in Frameworks */,
				9498982716F49B7D005E06AB /* SenTestingKit.framework in Frameworks */,
				F7134C4E4356497FA0247A31 /* libPods.a in Frameworks */,
			);
			runOnlyForDeploymentPostprocessing = 0;
		};
		94A1C78116A97B3F008C170D /* Frameworks */ = {
			isa = PBXFrameworksBuildPhase;
			buildActionMask = 2147483647;
			files = (
				9498982416F49B69005E06AB /* libInline.a in Frameworks */,
				94A1C78A16A97B3F008C170D /* Foundation.framework in Frameworks */,
				9498982616F49B75005E06AB /* SenTestingKit.framework in Frameworks */,
				02180A427B27452A8ACC3CB8 /* libPods-Unit Tests.a in Frameworks */,
			);
			runOnlyForDeploymentPostprocessing = 0;
		};
		94F66A9B17117BF200F93685 /* Frameworks */ = {
			isa = PBXFrameworksBuildPhase;
			buildActionMask = 2147483647;
			files = (
				942A33CD17159C7F0019614A /* libInline.a in Frameworks */,
				94F66AA017117BF200F93685 /* SenTestingKit.framework in Frameworks */,
				94F66AA317117BF200F93685 /* Foundation.framework in Frameworks */,
				7A2705D8CB044F23A8655CC9 /* libPods-Integrated Tests.a in Frameworks */,
			);
			runOnlyForDeploymentPostprocessing = 0;
		};
/* End PBXFrameworksBuildPhase section */

/* Begin PBXGroup section */
		941E26821719854D00E91EF5 /* Running tests */ = {
			isa = PBXGroup;
			children = (
				941E267F1719854700E91EF5 /* INLTestCaseRunner.h */,
				941E26801719854700E91EF5 /* INLTestCaseRunner.m */,
			);
			name = "Running tests";
			sourceTree = "<group>";
		};
		948D2FBB170C4DB70057A396 /* Unit Tests */ = {
			isa = PBXGroup;
			children = (
				941E267317196EF800E91EF5 /* INLRunnableInvocationTests.m */,
				948D2FC5170C4DB70057A396 /* INLTestTests.m */,
				948D2FD1170C4DC10057A396 /* Supporting files */,
			);
			path = "Unit Tests";
			sourceTree = "<group>";
		};
		948D2FD1170C4DC10057A396 /* Supporting files */ = {
			isa = PBXGroup;
			children = (
				948D2FC4170C4DB70057A396 /* INLTestHelper.pch */,
				948D2FC6170C4DB70057A396 /* Unit Tests-Info.plist */,
			);
			name = "Supporting files";
			sourceTree = "<group>";
		};
		94A1C76916A97B3F008C170D = {
			isa = PBXGroup;
			children = (
				94A1C77916A97B3F008C170D /* Inline */,
				948D2FBB170C4DB70057A396 /* Unit Tests */,
				94F66AA417117BF200F93685 /* Integrated Tests */,
				94A1C77616A97B3F008C170D /* Frameworks */,
				94A1C77516A97B3F008C170D /* Products */,
				60393545CE184FBABA042F2F /* Pods.xcconfig */,
				9A6358ECFE0243D18DEAEC0E /* Pods-Unit Tests.xcconfig */,
				49893940671446DDAFC1ACF9 /* Pods-Integrated Tests.xcconfig */,
			);
			sourceTree = "<group>";
		};
		94A1C77516A97B3F008C170D /* Products */ = {
			isa = PBXGroup;
			children = (
				94A1C77416A97B3F008C170D /* libInline.a */,
				94A1C78516A97B3F008C170D /* Unit Tests.octest */,
				94F66A9F17117BF200F93685 /* Integrated Tests.octest */,
			);
			name = Products;
			sourceTree = "<group>";
		};
		94A1C77616A97B3F008C170D /* Frameworks */ = {
			isa = PBXGroup;
			children = (
				94A1C77716A97B3F008C170D /* Foundation.framework */,
				9498982516F49B75005E06AB /* SenTestingKit.framework */,
				B81748F369994F9CAD780A8E /* libPods.a */,
				CFAE5470718542C68A1DE9E7 /* libPods-Unit Tests.a */,
				9A6FC86C17E540ACBFF3B6F2 /* libPods-Integrated Tests.a */,
			);
			name = Frameworks;
			sourceTree = "<group>";
		};
		94A1C77916A97B3F008C170D /* Inline */ = {
			isa = PBXGroup;
			children = (
				94A1C77C16A97B3F008C170D /* Inline.h */,
				943A0342170B8C5A0071D7F6 /* INLTypes.h */,
				9450DC9E171852B0006C0ABB /* INLVersion.h */,
				9450DC9B17184E8A006C0ABB /* INLSenTestCase.h */,
				9450DC9C17184E8A006C0ABB /* INLSenTestCase.m */,
				9450DCA6171858CC006C0ABB /* INLRunnable.h */,
				941E2675171972C100E91EF5 /* INLRunnableInvocation.h */,
				941E2676171972C100E91EF5 /* INLRunnableInvocation.m */,
				9491A0DE171AA4FB00E3F4EC /* INLTestDelegate.h */,
				94088D4116A9AA1800D7DEFC /* INLTest.h */,
				947EA9F816B72AFC00FE8D79 /* INLTest.m */,
			);
			path = Inline;
			sourceTree = "<group>";
		};
		94F66AA417117BF200F93685 /* Integrated Tests */ = {
			isa = PBXGroup;
			children = (
				94F66AAB17117BF200F93685 /* INLOnePassingTestTests.m */,
				941E2684171991A000E91EF5 /* INLTwoPassingTestsTests.m */,
				941E26871719990E00E91EF5 /* INLParallelHooksTests.m */,
				941E26821719854D00E91EF5 /* Running tests */,
				94F66AA517117BF200F93685 /* Supporting Files */,
			);
			path = "Integrated Tests";
			sourceTree = "<group>";
		};
		94F66AA517117BF200F93685 /* Supporting Files */ = {
			isa = PBXGroup;
			children = (
				94F66AA617117BF200F93685 /* Integrated Tests-Info.plist */,
				94F66AAD17117BF200F93685 /* INLTestHelper.pch */,
			);
			name = "Supporting Files";
			sourceTree = "<group>";
		};
/* End PBXGroup section */

/* Begin PBXNativeTarget section */
		94A1C77316A97B3F008C170D /* Inline */ = {
			isa = PBXNativeTarget;
			buildConfigurationList = 94A1C79916A97B3F008C170D /* Build configuration list for PBXNativeTarget "Inline" */;
			buildPhases = (
				94A1C77016A97B3F008C170D /* Sources */,
				94A1C77116A97B3F008C170D /* Frameworks */,
				94A1C77216A97B3F008C170D /* Copy Files */,
				13358BCCCAAD4AE7B0CA10F8 /* Copy Pods Resources */,
			);
			buildRules = (
			);
			dependencies = (
			);
			name = Inline;
			productName = Inline;
			productReference = 94A1C77416A97B3F008C170D /* libInline.a */;
			productType = "com.apple.product-type.library.static";
		};
		94A1C78416A97B3F008C170D /* Unit Tests */ = {
			isa = PBXNativeTarget;
			buildConfigurationList = 94A1C79C16A97B3F008C170D /* Build configuration list for PBXNativeTarget "Unit Tests" */;
			buildPhases = (
				94A1C78016A97B3F008C170D /* Sources */,
				94A1C78116A97B3F008C170D /* Frameworks */,
				94A1C78216A97B3F008C170D /* Resources */,
				1238B207F7894F50876EB353 /* Copy Pods Resources */,
				94A1C78316A97B3F008C170D /* ShellScript */,
			);
			buildRules = (
			);
			dependencies = (
				9498982316F49B65005E06AB /* PBXTargetDependency */,
			);
			name = "Unit Tests";
			productName = InlineTests;
			productReference = 94A1C78516A97B3F008C170D /* Unit Tests.octest */;
			productType = "com.apple.product-type.bundle";
		};
		94F66A9E17117BF200F93685 /* Integrated Tests */ = {
			isa = PBXNativeTarget;
			buildConfigurationList = 94F66AAE17117BF200F93685 /* Build configuration list for PBXNativeTarget "Integrated Tests" */;
			buildPhases = (
				94F66A9A17117BF200F93685 /* Sources */,
				94F66A9B17117BF200F93685 /* Frameworks */,
				94F66A9C17117BF200F93685 /* Resources */,
				94F66A9D17117BF200F93685 /* ShellScript */,
				0C4F3207F0AD4C05910A1160 /* Copy Pods Resources */,
			);
			buildRules = (
			);
			dependencies = (
				942A33CA17159C4E0019614A /* PBXTargetDependency */,
				942A33CF17159CC70019614A /* PBXTargetDependency */,
			);
			name = "Integrated Tests";
			productName = "Integrated Tests";
			productReference = 94F66A9F17117BF200F93685 /* Integrated Tests.octest */;
			productType = "com.apple.product-type.bundle";
		};
/* End PBXNativeTarget section */

/* Begin PBXProject section */
		94A1C76B16A97B3F008C170D /* Project object */ = {
			isa = PBXProject;
			attributes = {
				CLASSPREFIX = INL;
				LastUpgradeCheck = 0450;
				ORGANIZATIONNAME = "Ryan Davies";
			};
			buildConfigurationList = 94A1C76E16A97B3F008C170D /* Build configuration list for PBXProject "Inline" */;
			compatibilityVersion = "Xcode 3.2";
			developmentRegion = English;
			hasScannedForEncodings = 0;
			knownRegions = (
				en,
			);
			mainGroup = 94A1C76916A97B3F008C170D;
			productRefGroup = 94A1C77516A97B3F008C170D /* Products */;
			projectDirPath = "";
			projectRoot = "";
			targets = (
				94A1C77316A97B3F008C170D /* Inline */,
				94A1C78416A97B3F008C170D /* Unit Tests */,
				94F66A9E17117BF200F93685 /* Integrated Tests */,
			);
		};
/* End PBXProject section */

/* Begin PBXResourcesBuildPhase section */
		94A1C78216A97B3F008C170D /* Resources */ = {
			isa = PBXResourcesBuildPhase;
			buildActionMask = 2147483647;
			files = (
			);
			runOnlyForDeploymentPostprocessing = 0;
		};
		94F66A9C17117BF200F93685 /* Resources */ = {
			isa = PBXResourcesBuildPhase;
			buildActionMask = 2147483647;
			files = (
			);
			runOnlyForDeploymentPostprocessing = 0;
		};
/* End PBXResourcesBuildPhase section */

/* Begin PBXShellScriptBuildPhase section */
		0C4F3207F0AD4C05910A1160 /* Copy Pods Resources */ = {
			isa = PBXShellScriptBuildPhase;
			buildActionMask = 2147483647;
			files = (
			);
			inputPaths = (
			);
			name = "Copy Pods Resources";
			outputPaths = (
			);
			runOnlyForDeploymentPostprocessing = 0;
			shellPath = /bin/sh;
			shellScript = "\"${SRCROOT}/Pods/Pods-Integrated Tests-resources.sh\"\n";
		};
		1238B207F7894F50876EB353 /* Copy Pods Resources */ = {
			isa = PBXShellScriptBuildPhase;
			buildActionMask = 2147483647;
			files = (
			);
			inputPaths = (
			);
			name = "Copy Pods Resources";
			outputPaths = (
			);
			runOnlyForDeploymentPostprocessing = 0;
			shellPath = /bin/sh;
			shellScript = "\"${SRCROOT}/Pods/Pods-Unit Tests-resources.sh\"\n";
		};
		13358BCCCAAD4AE7B0CA10F8 /* Copy Pods Resources */ = {
			isa = PBXShellScriptBuildPhase;
			buildActionMask = 2147483647;
			files = (
			);
			inputPaths = (
			);
			name = "Copy Pods Resources";
			outputPaths = (
			);
			runOnlyForDeploymentPostprocessing = 0;
			shellPath = /bin/sh;
			shellScript = "\"${SRCROOT}/Pods/Pods-resources.sh\"\n";
		};
		94A1C78316A97B3F008C170D /* ShellScript */ = {
			isa = PBXShellScriptBuildPhase;
			buildActionMask = 2147483647;
			files = (
			);
			inputPaths = (
			);
			outputPaths = (
			);
			runOnlyForDeploymentPostprocessing = 0;
			shellPath = /bin/sh;
			shellScript = "# Run the unit tests in this test bundle.\n\"${SYSTEM_DEVELOPER_DIR}/Tools/RunUnitTests\"\n";
		};
		94F66A9D17117BF200F93685 /* ShellScript */ = {
			isa = PBXShellScriptBuildPhase;
			buildActionMask = 2147483647;
			files = (
			);
			inputPaths = (
			);
			outputPaths = (
			);
			runOnlyForDeploymentPostprocessing = 0;
			shellPath = /bin/sh;
			shellScript = "# Run the unit tests in this test bundle.\n\"${SYSTEM_DEVELOPER_DIR}/Tools/RunUnitTests\"\n";
		};
/* End PBXShellScriptBuildPhase section */

/* Begin PBXSourcesBuildPhase section */
		94A1C77016A97B3F008C170D /* Sources */ = {
			isa = PBXSourcesBuildPhase;
			buildActionMask = 2147483647;
			files = (
				947EA9F916B72AFC00FE8D79 /* INLTest.m in Sources */,
				9450DC9D17184E8A006C0ABB /* INLSenTestCase.m in Sources */,
				941E2677171972C100E91EF5 /* INLRunnableInvocation.m in Sources */,
			);
			runOnlyForDeploymentPostprocessing = 0;
		};
		94A1C78016A97B3F008C170D /* Sources */ = {
			isa = PBXSourcesBuildPhase;
			buildActionMask = 2147483647;
			files = (
				948D2FCF170C4DB70057A396 /* INLTestTests.m in Sources */,
				941E267417196EF800E91EF5 /* INLRunnableInvocationTests.m in Sources */,
			);
			runOnlyForDeploymentPostprocessing = 0;
		};
		94F66A9A17117BF200F93685 /* Sources */ = {
			isa = PBXSourcesBuildPhase;
			buildActionMask = 2147483647;
			files = (
				94F66AAC17117BF200F93685 /* INLOnePassingTestTests.m in Sources */,
				941E26811719854700E91EF5 /* INLTestCaseRunner.m in Sources */,
				941E2685171991A000E91EF5 /* INLTwoPassingTestsTests.m in Sources */,
				941E26881719990E00E91EF5 /* INLParallelHooksTests.m in Sources */,
			);
			runOnlyForDeploymentPostprocessing = 0;
		};
/* End PBXSourcesBuildPhase section */

/* Begin PBXTargetDependency section */
		942A33CA17159C4E0019614A /* PBXTargetDependency */ = {
			isa = PBXTargetDependency;
			target = 94A1C77316A97B3F008C170D /* Inline */;
			targetProxy = 942A33C917159C4E0019614A /* PBXContainerItemProxy */;
		};
		942A33CF17159CC70019614A /* PBXTargetDependency */ = {
			isa = PBXTargetDependency;
			target = 94A1C78416A97B3F008C170D /* Unit Tests */;
			targetProxy = 942A33CE17159CC70019614A /* PBXContainerItemProxy */;
		};
		9498982316F49B65005E06AB /* PBXTargetDependency */ = {
			isa = PBXTargetDependency;
			target = 94A1C77316A97B3F008C170D /* Inline */;
			targetProxy = 9498982216F49B65005E06AB /* PBXContainerItemProxy */;
		};
/* End PBXTargetDependency section */

/* Begin XCBuildConfiguration section */
		94A1C79716A97B3F008C170D /* Debug */ = {
			isa = XCBuildConfiguration;
			buildSettings = {
				CLANG_CXX_LANGUAGE_STANDARD = "gnu++0x";
				CLANG_CXX_LIBRARY = "libc++";
				CLANG_ENABLE_OBJC_ARC = YES;
				CLANG_WARN_EMPTY_BODY = YES;
				CLANG_WARN__DUPLICATE_METHOD_MATCH = YES;
				COPY_PHASE_STRIP = NO;
				FRAMEWORK_SEARCH_PATHS = (
					"$(inherited)",
					"$(SDKROOT)/Developer/Library/Frameworks",
					"$(DEVELOPER_LIBRARY_DIR)/Frameworks",
				);
				GCC_C_LANGUAGE_STANDARD = gnu99;
				GCC_DYNAMIC_NO_PIC = NO;
				GCC_OPTIMIZATION_LEVEL = 0;
				GCC_PREPROCESSOR_DEFINITIONS = (
					"DEBUG=1",
					RUN_OCUNIT_TESTS,
					"$(inherited)",
				);
				GCC_SYMBOLS_PRIVATE_EXTERN = NO;
				GCC_WARN_ABOUT_RETURN_TYPE = YES;
				GCC_WARN_UNINITIALIZED_AUTOS = YES;
				GCC_WARN_UNUSED_VARIABLE = YES;
				IPHONEOS_DEPLOYMENT_TARGET = 6.0;
				ONLY_ACTIVE_ARCH = YES;
				SDKROOT = iphoneos;
			};
			name = Debug;
		};
		94A1C79816A97B3F008C170D /* Release */ = {
			isa = XCBuildConfiguration;
			buildSettings = {
				CLANG_CXX_LANGUAGE_STANDARD = "gnu++0x";
				CLANG_CXX_LIBRARY = "libc++";
				CLANG_ENABLE_OBJC_ARC = YES;
				CLANG_WARN_EMPTY_BODY = YES;
				CLANG_WARN__DUPLICATE_METHOD_MATCH = YES;
				COPY_PHASE_STRIP = YES;
				FRAMEWORK_SEARCH_PATHS = (
					"$(inherited)",
					"$(SDKROOT)/Developer/Library/Frameworks",
					"$(DEVELOPER_LIBRARY_DIR)/Frameworks",
				);
				GCC_C_LANGUAGE_STANDARD = gnu99;
				GCC_WARN_ABOUT_RETURN_TYPE = YES;
				GCC_WARN_UNINITIALIZED_AUTOS = YES;
				GCC_WARN_UNUSED_VARIABLE = YES;
				IPHONEOS_DEPLOYMENT_TARGET = 6.0;
				SDKROOT = iphoneos;
				VALIDATE_PRODUCT = YES;
			};
			name = Release;
		};
		94A1C79A16A97B3F008C170D /* Debug */ = {
			isa = XCBuildConfiguration;
			baseConfigurationReference = 60393545CE184FBABA042F2F /* Pods.xcconfig */;
			buildSettings = {
				DSTROOT = /tmp/Inline.dst;
				PRODUCT_NAME = "$(TARGET_NAME)";
				SKIP_INSTALL = YES;
			};
			name = Debug;
		};
		94A1C79B16A97B3F008C170D /* Release */ = {
			isa = XCBuildConfiguration;
			baseConfigurationReference = 60393545CE184FBABA042F2F /* Pods.xcconfig */;
			buildSettings = {
				DSTROOT = /tmp/Inline.dst;
				PRODUCT_NAME = "$(TARGET_NAME)";
				SKIP_INSTALL = YES;
			};
			name = Release;
		};
		94A1C79D16A97B3F008C170D /* Debug */ = {
			isa = XCBuildConfiguration;
			baseConfigurationReference = 9A6358ECFE0243D18DEAEC0E /* Pods-Unit Tests.xcconfig */;
			buildSettings = {
				GCC_PRECOMPILE_PREFIX_HEADER = YES;
				GCC_PREFIX_HEADER = "Unit Tests/INLTestHelper.pch";
				INFOPLIST_FILE = "Unit Tests/Unit Tests-Info.plist";
				PRODUCT_NAME = "$(TARGET_NAME)";
				WRAPPER_EXTENSION = octest;
			};
			name = Debug;
		};
		94A1C79E16A97B3F008C170D /* Release */ = {
			isa = XCBuildConfiguration;
			baseConfigurationReference = 9A6358ECFE0243D18DEAEC0E /* Pods-Unit Tests.xcconfig */;
			buildSettings = {
				GCC_PRECOMPILE_PREFIX_HEADER = YES;
				GCC_PREFIX_HEADER = "Unit Tests/INLTestHelper.pch";
				INFOPLIST_FILE = "Unit Tests/Unit Tests-Info.plist";
				PRODUCT_NAME = "$(TARGET_NAME)";
				WRAPPER_EXTENSION = octest;
			};
			name = Release;
		};
		94F66AAF17117BF200F93685 /* Debug */ = {
			isa = XCBuildConfiguration;
			baseConfigurationReference = 49893940671446DDAFC1ACF9 /* Pods-Integrated Tests.xcconfig */;
			buildSettings = {
				CLANG_WARN_CONSTANT_CONVERSION = YES;
				CLANG_WARN_ENUM_CONVERSION = YES;
				CLANG_WARN_INT_CONVERSION = YES;
				GCC_PRECOMPILE_PREFIX_HEADER = YES;
				GCC_PREFIX_HEADER = "Integrated Tests/INLTestHelper.pch";
				INFOPLIST_FILE = "Integrated Tests/Integrated Tests-Info.plist";
				IPHONEOS_DEPLOYMENT_TARGET = 6.1;
				PRODUCT_NAME = "$(TARGET_NAME)";
				WRAPPER_EXTENSION = octest;
			};
			name = Debug;
		};
		94F66AB017117BF200F93685 /* Release */ = {
			isa = XCBuildConfiguration;
			baseConfigurationReference = 49893940671446DDAFC1ACF9 /* Pods-Integrated Tests.xcconfig */;
			buildSettings = {
				CLANG_WARN_CONSTANT_CONVERSION = YES;
				CLANG_WARN_ENUM_CONVERSION = YES;
				CLANG_WARN_INT_CONVERSION = YES;
				GCC_PRECOMPILE_PREFIX_HEADER = YES;
				GCC_PREFIX_HEADER = "Integrated Tests/INLTestHelper.pch";
				INFOPLIST_FILE = "Integrated Tests/Integrated Tests-Info.plist";
				IPHONEOS_DEPLOYMENT_TARGET = 6.1;
				PRODUCT_NAME = "$(TARGET_NAME)";
				WRAPPER_EXTENSION = octest;
			};
			name = Release;
		};
/* End XCBuildConfiguration section */

/* Begin XCConfigurationList section */
		94A1C76E16A97B3F008C170D /* Build configuration list for PBXProject "Inline" */ = {
			isa = XCConfigurationList;
			buildConfigurations = (
				94A1C79716A97B3F008C170D /* Debug */,
				94A1C79816A97B3F008C170D /* Release */,
			);
			defaultConfigurationIsVisible = 0;
			defaultConfigurationName = Release;
		};
		94A1C79916A97B3F008C170D /* Build configuration list for PBXNativeTarget "Inline" */ = {
			isa = XCConfigurationList;
			buildConfigurations = (
				94A1C79A16A97B3F008C170D /* Debug */,
				94A1C79B16A97B3F008C170D /* Release */,
			);
			defaultConfigurationIsVisible = 0;
			defaultConfigurationName = Release;
		};
		94A1C79C16A97B3F008C170D /* Build configuration list for PBXNativeTarget "Unit Tests" */ = {
			isa = XCConfigurationList;
			buildConfigurations = (
				94A1C79D16A97B3F008C170D /* Debug */,
				94A1C79E16A97B3F008C170D /* Release */,
			);
			defaultConfigurationIsVisible = 0;
			defaultConfigurationName = Release;
		};
		94F66AAE17117BF200F93685 /* Build configuration list for PBXNativeTarget "Integrated Tests" */ = {
			isa = XCConfigurationList;
			buildConfigurations = (
				94F66AAF17117BF200F93685 /* Debug */,
				94F66AB017117BF200F93685 /* Release */,
			);
			defaultConfigurationIsVisible = 0;
			defaultConfigurationName = Release;
		};
/* End XCConfigurationList section */
	};
	rootObject = 94A1C76B16A97B3F008C170D /* Project object */;
}
