<?xml version="1.0" encoding="UTF-8"?>
<!DOCTYPE plist PUBLIC "-//Apple//DTD PLIST 1.0//EN" "http://www.apple.com/DTDs/PropertyList-1.0.dtd">
<plist version="1.0">
<dict>
	<key>archiveVersion</key>
	<string>1</string>
	<key>classes</key>
	<dict/>
	<key>objectVersion</key>
	<string>46</string>
	<key>objects</key>
	<dict>
		<key>02180A427B27452A8ACC3CB8</key>
		<dict>
			<key>fileRef</key>
			<string>CFAE5470718542C68A1DE9E7</string>
			<key>isa</key>
			<string>PBXBuildFile</string>
			<key>settings</key>
			<dict/>
		</dict>
		<key>1238B207F7894F50876EB353</key>
		<dict>
			<key>buildActionMask</key>
			<string>2147483647</string>
			<key>files</key>
			<array/>
			<key>inputPaths</key>
			<array/>
			<key>isa</key>
			<string>PBXShellScriptBuildPhase</string>
			<key>name</key>
			<string>Copy Pods Resources</string>
			<key>outputPaths</key>
			<array/>
			<key>runOnlyForDeploymentPostprocessing</key>
			<string>0</string>
			<key>shellPath</key>
			<string>/bin/sh</string>
			<key>shellScript</key>
			<string>"${SRCROOT}/Pods/Pods-Unit Tests-resources.sh"
</string>
			<key>showEnvVarsInLog</key>
			<string>1</string>
		</dict>
		<key>13358BCCCAAD4AE7B0CA10F8</key>
		<dict>
			<key>buildActionMask</key>
			<string>2147483647</string>
			<key>files</key>
			<array/>
			<key>inputPaths</key>
			<array/>
			<key>isa</key>
			<string>PBXShellScriptBuildPhase</string>
			<key>name</key>
			<string>Copy Pods Resources</string>
			<key>outputPaths</key>
			<array/>
			<key>runOnlyForDeploymentPostprocessing</key>
			<string>0</string>
			<key>shellPath</key>
			<string>/bin/sh</string>
			<key>shellScript</key>
			<string>"${SRCROOT}/Pods/Pods-resources.sh"
</string>
		</dict>
		<key>5115D79D33B6494CBBF82CB8</key>
		<dict>
			<key>fileRef</key>
			<string>7BAA5701D5BB4EED90E59C22</string>
			<key>isa</key>
			<string>PBXBuildFile</string>
		</dict>
		<key>60393545CE184FBABA042F2F</key>
		<dict>
			<key>includeInIndex</key>
			<string>1</string>
			<key>isa</key>
			<string>PBXFileReference</string>
			<key>lastKnownFileType</key>
			<string>text.xcconfig</string>
			<key>name</key>
			<string>Pods.xcconfig</string>
			<key>path</key>
			<string>Pods/Pods.xcconfig</string>
			<key>sourceTree</key>
			<string>SOURCE_ROOT</string>
		</dict>
		<key>7BAA5701D5BB4EED90E59C22</key>
		<dict>
			<key>explicitFileType</key>
			<string>archive.ar</string>
			<key>includeInIndex</key>
			<string>0</string>
			<key>isa</key>
			<string>PBXFileReference</string>
			<key>path</key>
			<string>libPods-Tests.a</string>
			<key>sourceTree</key>
			<string>BUILT_PRODUCTS_DIR</string>
		</dict>
		<key>8FA8AA787BE940619AE43785</key>
		<dict>
			<key>buildActionMask</key>
			<string>2147483647</string>
			<key>files</key>
			<array/>
			<key>inputPaths</key>
			<array/>
			<key>isa</key>
			<string>PBXShellScriptBuildPhase</string>
			<key>name</key>
			<string>Copy Pods Resources</string>
			<key>outputPaths</key>
			<array/>
			<key>runOnlyForDeploymentPostprocessing</key>
			<string>0</string>
			<key>shellPath</key>
			<string>/bin/sh</string>
			<key>shellScript</key>
			<string>"${SRCROOT}/Pods/Pods-Tests-resources.sh"
</string>
		</dict>
		<key>94088D4116A9AA1800D7DEFC</key>
		<dict>
			<key>fileEncoding</key>
			<string>4</string>
			<key>isa</key>
			<string>PBXFileReference</string>
			<key>lastKnownFileType</key>
			<string>sourcecode.c.h</string>
			<key>path</key>
			<string>INLTest.h</string>
			<key>sourceTree</key>
			<string>&lt;group&gt;</string>
		</dict>
		<key>941BF00B16F770D900819A8D</key>
		<dict>
			<key>fileEncoding</key>
			<string>4</string>
			<key>isa</key>
			<string>PBXFileReference</string>
			<key>lastKnownFileType</key>
			<string>sourcecode.c.h</string>
			<key>path</key>
			<string>INLRunner.h</string>
			<key>sourceTree</key>
			<string>&lt;group&gt;</string>
		</dict>
		<key>941BF00C16F770D900819A8D</key>
		<dict>
			<key>fileEncoding</key>
			<string>4</string>
			<key>isa</key>
			<string>PBXFileReference</string>
			<key>lastKnownFileType</key>
			<string>sourcecode.c.objc</string>
			<key>path</key>
			<string>INLRunner.m</string>
			<key>sourceTree</key>
			<string>&lt;group&gt;</string>
		</dict>
		<key>941BF00D16F770D900819A8D</key>
		<dict>
			<key>fileRef</key>
			<string>941BF00C16F770D900819A8D</string>
			<key>isa</key>
			<string>PBXBuildFile</string>
		</dict>
		<key>943A033E170B87B40071D7F6</key>
		<dict>
			<key>isa</key>
			<string>PBXFileReference</string>
			<key>lastKnownFileType</key>
			<string>sourcecode.c.h</string>
			<key>path</key>
			<string>INLTestState.h</string>
			<key>sourceTree</key>
			<string>&lt;group&gt;</string>
		</dict>
		<key>943A033F170B8BC20071D7F6</key>
		<dict>
			<key>fileEncoding</key>
			<string>4</string>
			<key>isa</key>
			<string>PBXFileReference</string>
			<key>lastKnownFileType</key>
			<string>sourcecode.c.h</string>
			<key>path</key>
			<string>INLReadyState.h</string>
			<key>sourceTree</key>
			<string>&lt;group&gt;</string>
		</dict>
		<key>943A0340170B8BC20071D7F6</key>
		<dict>
			<key>fileEncoding</key>
			<string>4</string>
			<key>isa</key>
			<string>PBXFileReference</string>
			<key>lastKnownFileType</key>
			<string>sourcecode.c.objc</string>
			<key>path</key>
			<string>INLReadyState.m</string>
			<key>sourceTree</key>
			<string>&lt;group&gt;</string>
		</dict>
		<key>943A0341170B8BC20071D7F6</key>
		<dict>
			<key>fileRef</key>
			<string>943A0340170B8BC20071D7F6</string>
			<key>isa</key>
			<string>PBXBuildFile</string>
		</dict>
		<key>943A0342170B8C5A0071D7F6</key>
		<dict>
			<key>isa</key>
			<string>PBXFileReference</string>
			<key>lastKnownFileType</key>
			<string>sourcecode.c.h</string>
			<key>path</key>
			<string>INLTypes.h</string>
			<key>sourceTree</key>
			<string>&lt;group&gt;</string>
		</dict>
		<key>943A034C170B94CA0071D7F6</key>
		<dict>
			<key>fileEncoding</key>
			<string>4</string>
			<key>isa</key>
			<string>PBXFileReference</string>
			<key>lastKnownFileType</key>
			<string>sourcecode.c.h</string>
			<key>path</key>
			<string>INLPendingState.h</string>
			<key>sourceTree</key>
			<string>&lt;group&gt;</string>
		</dict>
		<key>943A034D170B94CA0071D7F6</key>
		<dict>
			<key>fileEncoding</key>
			<string>4</string>
			<key>isa</key>
			<string>PBXFileReference</string>
			<key>lastKnownFileType</key>
			<string>sourcecode.c.objc</string>
			<key>path</key>
			<string>INLPendingState.m</string>
			<key>sourceTree</key>
			<string>&lt;group&gt;</string>
		</dict>
		<key>943A034E170B94CA0071D7F6</key>
		<dict>
			<key>fileRef</key>
			<string>943A034D170B94CA0071D7F6</string>
			<key>isa</key>
			<string>PBXBuildFile</string>
		</dict>
		<key>943A034F170B96AA0071D7F6</key>
		<dict>
			<key>fileEncoding</key>
			<string>4</string>
			<key>isa</key>
			<string>PBXFileReference</string>
			<key>lastKnownFileType</key>
			<string>sourcecode.c.h</string>
			<key>path</key>
			<string>INLPassedState.h</string>
			<key>sourceTree</key>
			<string>&lt;group&gt;</string>
		</dict>
		<key>943A0350170B96AA0071D7F6</key>
		<dict>
			<key>fileEncoding</key>
			<string>4</string>
			<key>isa</key>
			<string>PBXFileReference</string>
			<key>lastKnownFileType</key>
			<string>sourcecode.c.objc</string>
			<key>path</key>
			<string>INLPassedState.m</string>
			<key>sourceTree</key>
			<string>&lt;group&gt;</string>
		</dict>
		<key>943A0351170B96AA0071D7F6</key>
		<dict>
			<key>fileRef</key>
			<string>943A0350170B96AA0071D7F6</string>
			<key>isa</key>
			<string>PBXBuildFile</string>
		</dict>
		<key>943A0352170B96AF0071D7F6</key>
		<dict>
			<key>fileEncoding</key>
			<string>4</string>
			<key>isa</key>
			<string>PBXFileReference</string>
			<key>lastKnownFileType</key>
			<string>sourcecode.c.h</string>
			<key>path</key>
			<string>INLFailedState.h</string>
			<key>sourceTree</key>
			<string>&lt;group&gt;</string>
		</dict>
		<key>943A0353170B96AF0071D7F6</key>
		<dict>
			<key>fileEncoding</key>
			<string>4</string>
			<key>isa</key>
			<string>PBXFileReference</string>
			<key>lastKnownFileType</key>
			<string>sourcecode.c.objc</string>
			<key>path</key>
			<string>INLFailedState.m</string>
			<key>sourceTree</key>
			<string>&lt;group&gt;</string>
		</dict>
		<key>943A0354170B96AF0071D7F6</key>
		<dict>
			<key>fileRef</key>
			<string>943A0353170B96AF0071D7F6</string>
			<key>isa</key>
			<string>PBXBuildFile</string>
		</dict>
		<key>947EA9F516B724D600FE8D79</key>
		<dict>
			<key>fileEncoding</key>
			<string>4</string>
			<key>isa</key>
			<string>PBXFileReference</string>
			<key>lastKnownFileType</key>
			<string>sourcecode.c.h</string>
			<key>path</key>
			<string>INLGroup.h</string>
			<key>sourceTree</key>
			<string>&lt;group&gt;</string>
		</dict>
		<key>947EA9F616B724D600FE8D79</key>
		<dict>
			<key>fileEncoding</key>
			<string>4</string>
			<key>isa</key>
			<string>PBXFileReference</string>
			<key>lastKnownFileType</key>
			<string>sourcecode.c.objc</string>
			<key>path</key>
			<string>INLGroup.m</string>
			<key>sourceTree</key>
			<string>&lt;group&gt;</string>
		</dict>
		<key>947EA9F716B724D600FE8D79</key>
		<dict>
			<key>fileRef</key>
			<string>947EA9F616B724D600FE8D79</string>
			<key>isa</key>
			<string>PBXBuildFile</string>
		</dict>
		<key>947EA9F816B72AFC00FE8D79</key>
		<dict>
			<key>fileEncoding</key>
			<string>4</string>
			<key>isa</key>
			<string>PBXFileReference</string>
			<key>lastKnownFileType</key>
			<string>sourcecode.c.objc</string>
			<key>path</key>
			<string>INLTest.m</string>
			<key>sourceTree</key>
			<string>&lt;group&gt;</string>
		</dict>
		<key>947EA9F916B72AFC00FE8D79</key>
		<dict>
			<key>fileRef</key>
			<string>947EA9F816B72AFC00FE8D79</string>
			<key>isa</key>
			<string>PBXBuildFile</string>
		</dict>
		<key>947EA9FD16B72F4700FE8D79</key>
		<dict>
			<key>fileEncoding</key>
			<string>4</string>
			<key>isa</key>
			<string>PBXFileReference</string>
			<key>lastKnownFileType</key>
			<string>sourcecode.c.h</string>
			<key>path</key>
			<string>INLHook.h</string>
			<key>sourceTree</key>
			<string>&lt;group&gt;</string>
		</dict>
		<key>947EA9FE16B72F4700FE8D79</key>
		<dict>
			<key>fileEncoding</key>
			<string>4</string>
			<key>isa</key>
			<string>PBXFileReference</string>
			<key>lastKnownFileType</key>
			<string>sourcecode.c.objc</string>
			<key>path</key>
			<string>INLHook.m</string>
			<key>sourceTree</key>
			<string>&lt;group&gt;</string>
		</dict>
		<key>947EA9FF16B72F4700FE8D79</key>
		<dict>
			<key>fileRef</key>
			<string>947EA9FE16B72F4700FE8D79</string>
			<key>isa</key>
			<string>PBXBuildFile</string>
		</dict>
		<key>948D2FB2170C49420057A396</key>
		<dict>
			<key>fileEncoding</key>
			<string>4</string>
			<key>isa</key>
			<string>PBXFileReference</string>
			<key>lastKnownFileType</key>
			<string>sourcecode.c.h</string>
			<key>path</key>
			<string>INLReporter.h</string>
			<key>sourceTree</key>
			<string>&lt;group&gt;</string>
		</dict>
		<key>948D2FB3170C49420057A396</key>
		<dict>
			<key>fileEncoding</key>
			<string>4</string>
			<key>isa</key>
			<string>PBXFileReference</string>
			<key>lastKnownFileType</key>
			<string>sourcecode.c.objc</string>
			<key>path</key>
			<string>INLReporter.m</string>
			<key>sourceTree</key>
			<string>&lt;group&gt;</string>
		</dict>
		<key>948D2FB4170C49420057A396</key>
		<dict>
			<key>fileRef</key>
			<string>948D2FB3170C49420057A396</string>
			<key>isa</key>
			<string>PBXBuildFile</string>
		</dict>
		<key>948D2FB5170C4CB90057A396</key>
		<dict>
			<key>children</key>
			<array>
				<string>949504F316C51FE30067F026</string>
				<string>947EA9F516B724D600FE8D79</string>
				<string>947EA9F616B724D600FE8D79</string>
				<string>947EA9FD16B72F4700FE8D79</string>
				<string>947EA9FE16B72F4700FE8D79</string>
				<string>94088D4116A9AA1800D7DEFC</string>
				<string>947EA9F816B72AFC00FE8D79</string>
			</array>
			<key>isa</key>
			<string>PBXGroup</string>
			<key>name</key>
			<string>Nodes</string>
			<key>sourceTree</key>
			<string>&lt;group&gt;</string>
		</dict>
		<key>948D2FB6170C4CCA0057A396</key>
		<dict>
			<key>children</key>
			<array>
				<string>948DBCE816F6170F00B473FD</string>
				<string>941BF00B16F770D900819A8D</string>
				<string>941BF00C16F770D900819A8D</string>
				<string>948D2FB2170C49420057A396</string>
				<string>948D2FB3170C49420057A396</string>
			</array>
			<key>isa</key>
			<string>PBXGroup</string>
			<key>name</key>
			<string>Visitors</string>
			<key>sourceTree</key>
			<string>&lt;group&gt;</string>
		</dict>
		<key>948D2FB7170C4CD60057A396</key>
		<dict>
			<key>children</key>
			<array>
				<string>943A033E170B87B40071D7F6</string>
				<string>943A033F170B8BC20071D7F6</string>
				<string>943A0340170B8BC20071D7F6</string>
				<string>943A034C170B94CA0071D7F6</string>
				<string>943A034D170B94CA0071D7F6</string>
				<string>943A034F170B96AA0071D7F6</string>
				<string>943A0350170B96AA0071D7F6</string>
				<string>943A0352170B96AF0071D7F6</string>
				<string>943A0353170B96AF0071D7F6</string>
			</array>
			<key>isa</key>
			<string>PBXGroup</string>
			<key>name</key>
			<string>Test states</string>
			<key>sourceTree</key>
			<string>&lt;group&gt;</string>
		</dict>
		<key>948D2FBB170C4DB70057A396</key>
		<dict>
			<key>children</key>
			<array>
				<string>948D2FD2170C4DCC0057A396</string>
				<string>948D2FD3170C4DD40057A396</string>
				<string>948D2FD4170C4DDB0057A396</string>
				<string>948D2FD1170C4DC10057A396</string>
			</array>
			<key>isa</key>
			<string>PBXGroup</string>
			<key>path</key>
			<string>Unit Tests</string>
			<key>sourceTree</key>
			<string>&lt;group&gt;</string>
		</dict>
		<key>948D2FBC170C4DB70057A396</key>
		<dict>
			<key>fileEncoding</key>
			<string>4</string>
			<key>isa</key>
			<string>PBXFileReference</string>
			<key>lastKnownFileType</key>
			<string>sourcecode.c.objc</string>
			<key>path</key>
			<string>INLFailedStateTests.m</string>
			<key>sourceTree</key>
			<string>&lt;group&gt;</string>
		</dict>
		<key>948D2FBD170C4DB70057A396</key>
		<dict>
			<key>fileEncoding</key>
			<string>4</string>
			<key>isa</key>
			<string>PBXFileReference</string>
			<key>lastKnownFileType</key>
			<string>sourcecode.c.objc</string>
			<key>path</key>
			<string>INLGroupTests.m</string>
			<key>sourceTree</key>
			<string>&lt;group&gt;</string>
		</dict>
		<key>948D2FBE170C4DB70057A396</key>
		<dict>
			<key>fileEncoding</key>
			<string>4</string>
			<key>isa</key>
			<string>PBXFileReference</string>
			<key>lastKnownFileType</key>
			<string>sourcecode.c.objc</string>
			<key>path</key>
			<string>INLHookTests.m</string>
			<key>sourceTree</key>
			<string>&lt;group&gt;</string>
		</dict>
		<key>948D2FBF170C4DB70057A396</key>
		<dict>
			<key>fileEncoding</key>
			<string>4</string>
			<key>isa</key>
			<string>PBXFileReference</string>
			<key>lastKnownFileType</key>
			<string>sourcecode.c.objc</string>
			<key>path</key>
			<string>INLPassedStateTests.m</string>
			<key>sourceTree</key>
			<string>&lt;group&gt;</string>
		</dict>
		<key>948D2FC0170C4DB70057A396</key>
		<dict>
			<key>fileEncoding</key>
			<string>4</string>
			<key>isa</key>
			<string>PBXFileReference</string>
			<key>lastKnownFileType</key>
			<string>sourcecode.c.objc</string>
			<key>path</key>
			<string>INLPendingStateTests.m</string>
			<key>sourceTree</key>
			<string>&lt;group&gt;</string>
		</dict>
		<key>948D2FC1170C4DB70057A396</key>
		<dict>
			<key>fileEncoding</key>
			<string>4</string>
			<key>isa</key>
			<string>PBXFileReference</string>
			<key>lastKnownFileType</key>
			<string>sourcecode.c.objc</string>
			<key>path</key>
			<string>INLReadyStateTests.m</string>
			<key>sourceTree</key>
			<string>&lt;group&gt;</string>
		</dict>
		<key>948D2FC2170C4DB70057A396</key>
		<dict>
			<key>fileEncoding</key>
			<string>4</string>
			<key>isa</key>
			<string>PBXFileReference</string>
			<key>lastKnownFileType</key>
			<string>sourcecode.c.objc</string>
			<key>path</key>
			<string>INLReporterTests.m</string>
			<key>sourceTree</key>
			<string>&lt;group&gt;</string>
		</dict>
		<key>948D2FC3170C4DB70057A396</key>
		<dict>
			<key>fileEncoding</key>
			<string>4</string>
			<key>isa</key>
			<string>PBXFileReference</string>
			<key>lastKnownFileType</key>
			<string>sourcecode.c.objc</string>
			<key>path</key>
			<string>INLRunnerTests.m</string>
			<key>sourceTree</key>
			<string>&lt;group&gt;</string>
		</dict>
		<key>948D2FC4170C4DB70057A396</key>
		<dict>
			<key>fileEncoding</key>
			<string>4</string>
			<key>isa</key>
			<string>PBXFileReference</string>
			<key>lastKnownFileType</key>
			<string>sourcecode.c.h</string>
			<key>path</key>
			<string>INLTestHelper.pch</string>
			<key>sourceTree</key>
			<string>&lt;group&gt;</string>
		</dict>
		<key>948D2FC5170C4DB70057A396</key>
		<dict>
			<key>fileEncoding</key>
			<string>4</string>
			<key>isa</key>
			<string>PBXFileReference</string>
			<key>lastKnownFileType</key>
			<string>sourcecode.c.objc</string>
			<key>path</key>
			<string>INLTestTests.m</string>
			<key>sourceTree</key>
			<string>&lt;group&gt;</string>
		</dict>
		<key>948D2FC6170C4DB70057A396</key>
		<dict>
			<key>fileEncoding</key>
			<string>4</string>
			<key>isa</key>
			<string>PBXFileReference</string>
			<key>lastKnownFileType</key>
			<string>text.plist.xml</string>
			<key>path</key>
			<string>Unit Tests-Info.plist</string>
			<key>sourceTree</key>
			<string>&lt;group&gt;</string>
		</dict>
		<key>948D2FC7170C4DB70057A396</key>
		<dict>
			<key>fileRef</key>
			<string>948D2FBC170C4DB70057A396</string>
			<key>isa</key>
			<string>PBXBuildFile</string>
		</dict>
		<key>948D2FC8170C4DB70057A396</key>
		<dict>
			<key>fileRef</key>
			<string>948D2FBD170C4DB70057A396</string>
			<key>isa</key>
			<string>PBXBuildFile</string>
		</dict>
		<key>948D2FC9170C4DB70057A396</key>
		<dict>
			<key>fileRef</key>
			<string>948D2FBE170C4DB70057A396</string>
			<key>isa</key>
			<string>PBXBuildFile</string>
		</dict>
		<key>948D2FCA170C4DB70057A396</key>
		<dict>
			<key>fileRef</key>
			<string>948D2FBF170C4DB70057A396</string>
			<key>isa</key>
			<string>PBXBuildFile</string>
		</dict>
		<key>948D2FCB170C4DB70057A396</key>
		<dict>
			<key>fileRef</key>
			<string>948D2FC0170C4DB70057A396</string>
			<key>isa</key>
			<string>PBXBuildFile</string>
		</dict>
		<key>948D2FCC170C4DB70057A396</key>
		<dict>
			<key>fileRef</key>
			<string>948D2FC1170C4DB70057A396</string>
			<key>isa</key>
			<string>PBXBuildFile</string>
		</dict>
		<key>948D2FCD170C4DB70057A396</key>
		<dict>
			<key>fileRef</key>
			<string>948D2FC2170C4DB70057A396</string>
			<key>isa</key>
			<string>PBXBuildFile</string>
		</dict>
		<key>948D2FCE170C4DB70057A396</key>
		<dict>
			<key>fileRef</key>
			<string>948D2FC3170C4DB70057A396</string>
			<key>isa</key>
			<string>PBXBuildFile</string>
		</dict>
		<key>948D2FCF170C4DB70057A396</key>
		<dict>
			<key>fileRef</key>
			<string>948D2FC5170C4DB70057A396</string>
			<key>isa</key>
			<string>PBXBuildFile</string>
		</dict>
		<key>948D2FD0170C4DB70057A396</key>
		<dict>
			<key>fileRef</key>
			<string>948D2FC6170C4DB70057A396</string>
			<key>isa</key>
			<string>PBXBuildFile</string>
		</dict>
		<key>948D2FD1170C4DC10057A396</key>
		<dict>
			<key>children</key>
			<array>
				<string>948D2FC4170C4DB70057A396</string>
				<string>948D2FC6170C4DB70057A396</string>
			</array>
			<key>isa</key>
			<string>PBXGroup</string>
			<key>name</key>
			<string>Supporting files</string>
			<key>sourceTree</key>
			<string>&lt;group&gt;</string>
		</dict>
		<key>948D2FD2170C4DCC0057A396</key>
		<dict>
			<key>children</key>
			<array>
				<string>948D2FBD170C4DB70057A396</string>
				<string>948D2FBE170C4DB70057A396</string>
				<string>948D2FC5170C4DB70057A396</string>
			</array>
			<key>isa</key>
			<string>PBXGroup</string>
			<key>name</key>
			<string>Nodes</string>
			<key>sourceTree</key>
			<string>&lt;group&gt;</string>
		</dict>
		<key>948D2FD3170C4DD40057A396</key>
		<dict>
			<key>children</key>
			<array>
				<string>948D2FC1170C4DB70057A396</string>
				<string>948D2FC0170C4DB70057A396</string>
				<string>948D2FBF170C4DB70057A396</string>
				<string>948D2FBC170C4DB70057A396</string>
			</array>
			<key>isa</key>
			<string>PBXGroup</string>
			<key>name</key>
			<string>Test states</string>
			<key>sourceTree</key>
			<string>&lt;group&gt;</string>
		</dict>
		<key>948D2FD4170C4DDB0057A396</key>
		<dict>
			<key>children</key>
			<array>
				<string>948D2FC3170C4DB70057A396</string>
				<string>948D2FC2170C4DB70057A396</string>
			</array>
			<key>isa</key>
			<string>PBXGroup</string>
			<key>name</key>
			<string>Visitors</string>
			<key>sourceTree</key>
			<string>&lt;group&gt;</string>
		</dict>
		<key>948DBCE816F6170F00B473FD</key>
		<dict>
			<key>isa</key>
			<string>PBXFileReference</string>
			<key>lastKnownFileType</key>
			<string>sourcecode.c.h</string>
			<key>path</key>
			<string>INLVisitor.h</string>
			<key>sourceTree</key>
			<string>&lt;group&gt;</string>
		</dict>
		<key>949504F316C51FE30067F026</key>
		<dict>
			<key>isa</key>
			<string>PBXFileReference</string>
			<key>lastKnownFileType</key>
			<string>sourcecode.c.h</string>
			<key>path</key>
			<string>INLNode.h</string>
			<key>sourceTree</key>
			<string>&lt;group&gt;</string>
		</dict>
		<key>9498982216F49B65005E06AB</key>
		<dict>
			<key>containerPortal</key>
			<string>94A1C76B16A97B3F008C170D</string>
			<key>isa</key>
			<string>PBXContainerItemProxy</string>
			<key>proxyType</key>
			<string>1</string>
			<key>remoteGlobalIDString</key>
			<string>94A1C77316A97B3F008C170D</string>
			<key>remoteInfo</key>
			<string>Inline</string>
		</dict>
		<key>9498982316F49B65005E06AB</key>
		<dict>
			<key>isa</key>
			<string>PBXTargetDependency</string>
			<key>target</key>
			<string>94A1C77316A97B3F008C170D</string>
			<key>targetProxy</key>
			<string>9498982216F49B65005E06AB</string>
		</dict>
		<key>9498982416F49B69005E06AB</key>
		<dict>
			<key>fileRef</key>
			<string>94A1C77416A97B3F008C170D</string>
			<key>isa</key>
			<string>PBXBuildFile</string>
		</dict>
		<key>9498982516F49B75005E06AB</key>
		<dict>
			<key>isa</key>
			<string>PBXFileReference</string>
			<key>lastKnownFileType</key>
			<string>wrapper.framework</string>
			<key>name</key>
			<string>SenTestingKit.framework</string>
			<key>path</key>
			<string>Library/Frameworks/SenTestingKit.framework</string>
			<key>sourceTree</key>
			<string>DEVELOPER_DIR</string>
		</dict>
		<key>9498982616F49B75005E06AB</key>
		<dict>
			<key>fileRef</key>
			<string>9498982516F49B75005E06AB</string>
			<key>isa</key>
			<string>PBXBuildFile</string>
		</dict>
		<key>9498982716F49B7D005E06AB</key>
		<dict>
			<key>fileRef</key>
			<string>9498982516F49B75005E06AB</string>
			<key>isa</key>
			<string>PBXBuildFile</string>
		</dict>
		<key>94A1C76916A97B3F008C170D</key>
		<dict>
			<key>children</key>
			<array>
				<string>94A1C77916A97B3F008C170D</string>
				<string>948D2FBB170C4DB70057A396</string>
				<string>94A1C77616A97B3F008C170D</string>
				<string>94A1C77516A97B3F008C170D</string>
				<string>60393545CE184FBABA042F2F</string>
				<string>EB49FCBC25AC4BE59E4CDAA3</string>
				<string>9A6358ECFE0243D18DEAEC0E</string>
			</array>
			<key>isa</key>
			<string>PBXGroup</string>
			<key>sourceTree</key>
			<string>&lt;group&gt;</string>
		</dict>
		<key>94A1C76B16A97B3F008C170D</key>
		<dict>
			<key>attributes</key>
			<dict>
				<key>CLASSPREFIX</key>
				<string>INL</string>
				<key>LastUpgradeCheck</key>
				<string>0450</string>
				<key>ORGANIZATIONNAME</key>
				<string>Ryan Davies</string>
			</dict>
			<key>buildConfigurationList</key>
			<string>94A1C76E16A97B3F008C170D</string>
			<key>compatibilityVersion</key>
			<string>Xcode 3.2</string>
			<key>developmentRegion</key>
			<string>English</string>
			<key>hasScannedForEncodings</key>
			<string>0</string>
			<key>isa</key>
			<string>PBXProject</string>
			<key>knownRegions</key>
			<array>
				<string>en</string>
			</array>
			<key>mainGroup</key>
			<string>94A1C76916A97B3F008C170D</string>
			<key>productRefGroup</key>
			<string>94A1C77516A97B3F008C170D</string>
			<key>projectDirPath</key>
			<string></string>
			<key>projectReferences</key>
			<array/>
			<key>projectRoot</key>
			<string></string>
			<key>targets</key>
			<array>
				<string>94A1C77316A97B3F008C170D</string>
				<string>94A1C78416A97B3F008C170D</string>
			</array>
		</dict>
		<key>94A1C76E16A97B3F008C170D</key>
		<dict>
			<key>buildConfigurations</key>
			<array>
				<string>94A1C79716A97B3F008C170D</string>
				<string>94A1C79816A97B3F008C170D</string>
			</array>
			<key>defaultConfigurationIsVisible</key>
			<string>0</string>
			<key>defaultConfigurationName</key>
			<string>Release</string>
			<key>isa</key>
			<string>XCConfigurationList</string>
		</dict>
		<key>94A1C77016A97B3F008C170D</key>
		<dict>
			<key>buildActionMask</key>
			<string>2147483647</string>
			<key>files</key>
			<array>
				<string>947EA9F716B724D600FE8D79</string>
				<string>947EA9F916B72AFC00FE8D79</string>
				<string>947EA9FF16B72F4700FE8D79</string>
				<string>941BF00D16F770D900819A8D</string>
				<string>943A0341170B8BC20071D7F6</string>
				<string>943A034E170B94CA0071D7F6</string>
				<string>943A0351170B96AA0071D7F6</string>
				<string>943A0354170B96AF0071D7F6</string>
				<string>948D2FB4170C49420057A396</string>
			</array>
			<key>isa</key>
			<string>PBXSourcesBuildPhase</string>
			<key>runOnlyForDeploymentPostprocessing</key>
			<string>0</string>
		</dict>
		<key>94A1C77116A97B3F008C170D</key>
		<dict>
			<key>buildActionMask</key>
			<string>2147483647</string>
			<key>files</key>
			<array>
				<string>94A1C77816A97B3F008C170D</string>
				<string>9498982716F49B7D005E06AB</string>
				<string>F7134C4E4356497FA0247A31</string>
			</array>
			<key>isa</key>
			<string>PBXFrameworksBuildPhase</string>
			<key>runOnlyForDeploymentPostprocessing</key>
			<string>0</string>
		</dict>
		<key>94A1C77216A97B3F008C170D</key>
		<dict>
			<key>buildActionMask</key>
			<string>2147483647</string>
			<key>dstPath</key>
			<string>include/${PRODUCT_NAME}</string>
			<key>dstSubfolderSpec</key>
			<string>16</string>
			<key>files</key>
			<array>
				<string>94A1C77D16A97B3F008C170D</string>
			</array>
			<key>isa</key>
			<string>PBXCopyFilesBuildPhase</string>
			<key>runOnlyForDeploymentPostprocessing</key>
			<string>0</string>
		</dict>
		<key>94A1C77316A97B3F008C170D</key>
		<dict>
			<key>buildConfigurationList</key>
			<string>94A1C79916A97B3F008C170D</string>
			<key>buildPhases</key>
			<array>
				<string>94A1C77016A97B3F008C170D</string>
				<string>94A1C77116A97B3F008C170D</string>
				<string>94A1C77216A97B3F008C170D</string>
				<string>13358BCCCAAD4AE7B0CA10F8</string>
			</array>
			<key>buildRules</key>
			<array/>
			<key>dependencies</key>
			<array/>
			<key>isa</key>
			<string>PBXNativeTarget</string>
			<key>name</key>
			<string>Inline</string>
			<key>productName</key>
			<string>Inline</string>
			<key>productReference</key>
			<string>94A1C77416A97B3F008C170D</string>
			<key>productType</key>
			<string>com.apple.product-type.library.static</string>
		</dict>
		<key>94A1C77416A97B3F008C170D</key>
		<dict>
			<key>explicitFileType</key>
			<string>archive.ar</string>
			<key>includeInIndex</key>
			<string>0</string>
			<key>isa</key>
			<string>PBXFileReference</string>
			<key>path</key>
			<string>libInline.a</string>
			<key>sourceTree</key>
			<string>BUILT_PRODUCTS_DIR</string>
		</dict>
		<key>94A1C77516A97B3F008C170D</key>
		<dict>
			<key>children</key>
			<array>
				<string>94A1C77416A97B3F008C170D</string>
				<string>94A1C78516A97B3F008C170D</string>
			</array>
			<key>isa</key>
			<string>PBXGroup</string>
			<key>name</key>
			<string>Products</string>
			<key>sourceTree</key>
			<string>&lt;group&gt;</string>
		</dict>
		<key>94A1C77616A97B3F008C170D</key>
		<dict>
			<key>children</key>
			<array>
				<string>94A1C77716A97B3F008C170D</string>
				<string>9498982516F49B75005E06AB</string>
				<string>B81748F369994F9CAD780A8E</string>
				<string>7BAA5701D5BB4EED90E59C22</string>
				<string>CFAE5470718542C68A1DE9E7</string>
			</array>
			<key>isa</key>
			<string>PBXGroup</string>
			<key>name</key>
			<string>Frameworks</string>
			<key>sourceTree</key>
			<string>&lt;group&gt;</string>
		</dict>
		<key>94A1C77716A97B3F008C170D</key>
		<dict>
			<key>isa</key>
			<string>PBXFileReference</string>
			<key>lastKnownFileType</key>
			<string>wrapper.framework</string>
			<key>name</key>
			<string>Foundation.framework</string>
			<key>path</key>
			<string>System/Library/Frameworks/Foundation.framework</string>
			<key>sourceTree</key>
			<string>SDKROOT</string>
		</dict>
		<key>94A1C77816A97B3F008C170D</key>
		<dict>
			<key>fileRef</key>
			<string>94A1C77716A97B3F008C170D</string>
			<key>isa</key>
			<string>PBXBuildFile</string>
		</dict>
		<key>94A1C77916A97B3F008C170D</key>
		<dict>
			<key>children</key>
			<array>
				<string>94A1C77C16A97B3F008C170D</string>
				<string>943A0342170B8C5A0071D7F6</string>
				<string>948D2FB5170C4CB90057A396</string>
				<string>948D2FB7170C4CD60057A396</string>
				<string>948D2FB6170C4CCA0057A396</string>
			</array>
			<key>isa</key>
			<string>PBXGroup</string>
			<key>path</key>
			<string>Inline</string>
			<key>sourceTree</key>
			<string>&lt;group&gt;</string>
		</dict>
		<key>94A1C77C16A97B3F008C170D</key>
		<dict>
			<key>isa</key>
			<string>PBXFileReference</string>
			<key>lastKnownFileType</key>
			<string>sourcecode.c.h</string>
			<key>path</key>
			<string>Inline.h</string>
			<key>sourceTree</key>
			<string>&lt;group&gt;</string>
		</dict>
		<key>94A1C77D16A97B3F008C170D</key>
		<dict>
			<key>fileRef</key>
			<string>94A1C77C16A97B3F008C170D</string>
			<key>isa</key>
			<string>PBXBuildFile</string>
		</dict>
		<key>94A1C78016A97B3F008C170D</key>
		<dict>
			<key>buildActionMask</key>
			<string>2147483647</string>
			<key>files</key>
			<array>
				<string>948D2FC7170C4DB70057A396</string>
				<string>948D2FC8170C4DB70057A396</string>
				<string>948D2FC9170C4DB70057A396</string>
				<string>948D2FCA170C4DB70057A396</string>
				<string>948D2FCB170C4DB70057A396</string>
				<string>948D2FCC170C4DB70057A396</string>
				<string>948D2FCD170C4DB70057A396</string>
				<string>948D2FCE170C4DB70057A396</string>
				<string>948D2FCF170C4DB70057A396</string>
			</array>
			<key>isa</key>
			<string>PBXSourcesBuildPhase</string>
			<key>runOnlyForDeploymentPostprocessing</key>
			<string>0</string>
		</dict>
		<key>94A1C78116A97B3F008C170D</key>
		<dict>
			<key>buildActionMask</key>
			<string>2147483647</string>
			<key>files</key>
			<array>
				<string>9498982416F49B69005E06AB</string>
				<string>94A1C78A16A97B3F008C170D</string>
				<string>9498982616F49B75005E06AB</string>
				<string>5115D79D33B6494CBBF82CB8</string>
				<string>02180A427B27452A8ACC3CB8</string>
			</array>
			<key>isa</key>
			<string>PBXFrameworksBuildPhase</string>
			<key>runOnlyForDeploymentPostprocessing</key>
			<string>0</string>
		</dict>
		<key>94A1C78216A97B3F008C170D</key>
		<dict>
			<key>buildActionMask</key>
			<string>2147483647</string>
			<key>files</key>
			<array>
				<string>948D2FD0170C4DB70057A396</string>
			</array>
			<key>isa</key>
			<string>PBXResourcesBuildPhase</string>
			<key>runOnlyForDeploymentPostprocessing</key>
			<string>0</string>
		</dict>
		<key>94A1C78316A97B3F008C170D</key>
		<dict>
			<key>buildActionMask</key>
			<string>2147483647</string>
			<key>files</key>
			<array/>
			<key>inputPaths</key>
			<array/>
			<key>isa</key>
			<string>PBXShellScriptBuildPhase</string>
			<key>outputPaths</key>
			<array/>
			<key>runOnlyForDeploymentPostprocessing</key>
			<string>0</string>
			<key>shellPath</key>
			<string>/bin/sh</string>
			<key>shellScript</key>
			<string># Run the unit tests in this test bundle.
"${SYSTEM_DEVELOPER_DIR}/Tools/RunUnitTests"
</string>
		</dict>
		<key>94A1C78416A97B3F008C170D</key>
		<dict>
			<key>buildConfigurationList</key>
			<string>94A1C79C16A97B3F008C170D</string>
			<key>buildPhases</key>
			<array>
				<string>94A1C78016A97B3F008C170D</string>
				<string>94A1C78116A97B3F008C170D</string>
				<string>94A1C78216A97B3F008C170D</string>
				<string>8FA8AA787BE940619AE43785</string>
				<string>94A1C78316A97B3F008C170D</string>
				<string>1238B207F7894F50876EB353</string>
			</array>
			<key>buildRules</key>
			<array/>
			<key>dependencies</key>
			<array>
				<string>9498982316F49B65005E06AB</string>
			</array>
			<key>isa</key>
			<string>PBXNativeTarget</string>
			<key>name</key>
			<string>Unit Tests</string>
			<key>productName</key>
			<string>InlineTests</string>
			<key>productReference</key>
			<string>94A1C78516A97B3F008C170D</string>
			<key>productType</key>
			<string>com.apple.product-type.bundle</string>
		</dict>
		<key>94A1C78516A97B3F008C170D</key>
		<dict>
			<key>explicitFileType</key>
			<string>wrapper.cfbundle</string>
			<key>includeInIndex</key>
			<string>0</string>
			<key>isa</key>
			<string>PBXFileReference</string>
			<key>path</key>
			<string>Unit Tests.octest</string>
			<key>sourceTree</key>
			<string>BUILT_PRODUCTS_DIR</string>
		</dict>
		<key>94A1C78A16A97B3F008C170D</key>
		<dict>
			<key>fileRef</key>
			<string>94A1C77716A97B3F008C170D</string>
			<key>isa</key>
			<string>PBXBuildFile</string>
		</dict>
		<key>94A1C79716A97B3F008C170D</key>
		<dict>
			<key>buildSettings</key>
			<dict>
				<key>CLANG_CXX_LANGUAGE_STANDARD</key>
				<string>gnu++0x</string>
				<key>CLANG_CXX_LIBRARY</key>
				<string>libc++</string>
				<key>CLANG_ENABLE_OBJC_ARC</key>
				<string>YES</string>
				<key>CLANG_WARN_EMPTY_BODY</key>
				<string>YES</string>
				<key>CLANG_WARN__DUPLICATE_METHOD_MATCH</key>
				<string>YES</string>
				<key>COPY_PHASE_STRIP</key>
				<string>NO</string>
				<key>FRAMEWORK_SEARCH_PATHS</key>
				<array>
					<string>$(inherited)</string>
					<string>$(SDKROOT)/Developer/Library/Frameworks</string>
					<string>$(DEVELOPER_LIBRARY_DIR)/Frameworks</string>
				</array>
				<key>GCC_C_LANGUAGE_STANDARD</key>
				<string>gnu99</string>
				<key>GCC_DYNAMIC_NO_PIC</key>
				<string>NO</string>
				<key>GCC_OPTIMIZATION_LEVEL</key>
				<string>0</string>
				<key>GCC_PREPROCESSOR_DEFINITIONS</key>
				<array>
					<string>DEBUG=1</string>
					<string>$(inherited)</string>
				</array>
				<key>GCC_SYMBOLS_PRIVATE_EXTERN</key>
				<string>NO</string>
				<key>GCC_WARN_ABOUT_RETURN_TYPE</key>
				<string>YES</string>
				<key>GCC_WARN_UNINITIALIZED_AUTOS</key>
				<string>YES</string>
				<key>GCC_WARN_UNUSED_VARIABLE</key>
				<string>YES</string>
				<key>IPHONEOS_DEPLOYMENT_TARGET</key>
				<string>6.0</string>
				<key>ONLY_ACTIVE_ARCH</key>
				<string>YES</string>
				<key>SDKROOT</key>
				<string>iphoneos</string>
			</dict>
			<key>isa</key>
			<string>XCBuildConfiguration</string>
			<key>name</key>
			<string>Debug</string>
		</dict>
		<key>94A1C79816A97B3F008C170D</key>
		<dict>
			<key>buildSettings</key>
			<dict>
				<key>CLANG_CXX_LANGUAGE_STANDARD</key>
				<string>gnu++0x</string>
				<key>CLANG_CXX_LIBRARY</key>
				<string>libc++</string>
				<key>CLANG_ENABLE_OBJC_ARC</key>
				<string>YES</string>
				<key>CLANG_WARN_EMPTY_BODY</key>
				<string>YES</string>
				<key>CLANG_WARN__DUPLICATE_METHOD_MATCH</key>
				<string>YES</string>
				<key>COPY_PHASE_STRIP</key>
				<string>YES</string>
				<key>FRAMEWORK_SEARCH_PATHS</key>
				<array>
					<string>$(inherited)</string>
					<string>$(SDKROOT)/Developer/Library/Frameworks</string>
					<string>$(DEVELOPER_LIBRARY_DIR)/Frameworks</string>
				</array>
				<key>GCC_C_LANGUAGE_STANDARD</key>
				<string>gnu99</string>
				<key>GCC_WARN_ABOUT_RETURN_TYPE</key>
				<string>YES</string>
				<key>GCC_WARN_UNINITIALIZED_AUTOS</key>
				<string>YES</string>
				<key>GCC_WARN_UNUSED_VARIABLE</key>
				<string>YES</string>
				<key>IPHONEOS_DEPLOYMENT_TARGET</key>
				<string>6.0</string>
				<key>SDKROOT</key>
				<string>iphoneos</string>
				<key>VALIDATE_PRODUCT</key>
				<string>YES</string>
			</dict>
			<key>isa</key>
			<string>XCBuildConfiguration</string>
			<key>name</key>
			<string>Release</string>
		</dict>
		<key>94A1C79916A97B3F008C170D</key>
		<dict>
			<key>buildConfigurations</key>
			<array>
				<string>94A1C79A16A97B3F008C170D</string>
				<string>94A1C79B16A97B3F008C170D</string>
			</array>
			<key>defaultConfigurationIsVisible</key>
			<string>0</string>
			<key>defaultConfigurationName</key>
			<string>Release</string>
			<key>isa</key>
			<string>XCConfigurationList</string>
		</dict>
		<key>94A1C79A16A97B3F008C170D</key>
		<dict>
			<key>baseConfigurationReference</key>
			<string>60393545CE184FBABA042F2F</string>
			<key>buildSettings</key>
			<dict>
				<key>DSTROOT</key>
				<string>/tmp/Inline.dst</string>
				<key>PRODUCT_NAME</key>
				<string>$(TARGET_NAME)</string>
				<key>SKIP_INSTALL</key>
				<string>YES</string>
			</dict>
			<key>isa</key>
			<string>XCBuildConfiguration</string>
			<key>name</key>
			<string>Debug</string>
		</dict>
		<key>94A1C79B16A97B3F008C170D</key>
		<dict>
			<key>baseConfigurationReference</key>
			<string>60393545CE184FBABA042F2F</string>
			<key>buildSettings</key>
			<dict>
				<key>DSTROOT</key>
				<string>/tmp/Inline.dst</string>
				<key>PRODUCT_NAME</key>
				<string>$(TARGET_NAME)</string>
				<key>SKIP_INSTALL</key>
				<string>YES</string>
			</dict>
			<key>isa</key>
			<string>XCBuildConfiguration</string>
			<key>name</key>
			<string>Release</string>
		</dict>
		<key>94A1C79C16A97B3F008C170D</key>
		<dict>
			<key>buildConfigurations</key>
			<array>
				<string>94A1C79D16A97B3F008C170D</string>
				<string>94A1C79E16A97B3F008C170D</string>
			</array>
			<key>defaultConfigurationIsVisible</key>
			<string>0</string>
			<key>defaultConfigurationName</key>
			<string>Release</string>
			<key>isa</key>
			<string>XCConfigurationList</string>
		</dict>
		<key>94A1C79D16A97B3F008C170D</key>
		<dict>
			<key>baseConfigurationReference</key>
			<string>9A6358ECFE0243D18DEAEC0E</string>
			<key>buildSettings</key>
			<dict>
				<key>GCC_PRECOMPILE_PREFIX_HEADER</key>
				<string>YES</string>
				<key>GCC_PREFIX_HEADER</key>
				<string>Unit Tests/INLTestHelper.pch</string>
				<key>INFOPLIST_FILE</key>
				<string>Unit Tests/Unit Tests-Info.plist</string>
				<key>PRODUCT_NAME</key>
				<string>$(TARGET_NAME)</string>
				<key>WRAPPER_EXTENSION</key>
				<string>octest</string>
			</dict>
			<key>isa</key>
			<string>XCBuildConfiguration</string>
			<key>name</key>
			<string>Debug</string>
		</dict>
		<key>94A1C79E16A97B3F008C170D</key>
		<dict>
			<key>baseConfigurationReference</key>
			<string>9A6358ECFE0243D18DEAEC0E</string>
			<key>buildSettings</key>
			<dict>
				<key>GCC_PRECOMPILE_PREFIX_HEADER</key>
				<string>YES</string>
				<key>GCC_PREFIX_HEADER</key>
				<string>Unit Tests/INLTestHelper.pch</string>
				<key>INFOPLIST_FILE</key>
				<string>Unit Tests/Unit Tests-Info.plist</string>
				<key>PRODUCT_NAME</key>
				<string>$(TARGET_NAME)</string>
				<key>WRAPPER_EXTENSION</key>
				<string>octest</string>
			</dict>
			<key>isa</key>
			<string>XCBuildConfiguration</string>
			<key>name</key>
			<string>Release</string>
		</dict>
		<key>9A6358ECFE0243D18DEAEC0E</key>
		<dict>
			<key>includeInIndex</key>
			<string>1</string>
			<key>isa</key>
			<string>PBXFileReference</string>
			<key>lastKnownFileType</key>
			<string>text.xcconfig</string>
			<key>name</key>
			<string>Pods-Unit Tests.xcconfig</string>
			<key>path</key>
			<string>Pods/Pods-Unit Tests.xcconfig</string>
			<key>sourceTree</key>
			<string>SOURCE_ROOT</string>
		</dict>
		<key>B81748F369994F9CAD780A8E</key>
		<dict>
			<key>explicitFileType</key>
			<string>archive.ar</string>
			<key>includeInIndex</key>
			<string>0</string>
			<key>isa</key>
			<string>PBXFileReference</string>
			<key>path</key>
			<string>libPods.a</string>
			<key>sourceTree</key>
			<string>BUILT_PRODUCTS_DIR</string>
		</dict>
		<key>CFAE5470718542C68A1DE9E7</key>
		<dict>
			<key>explicitFileType</key>
			<string>archive.ar</string>
			<key>includeInIndex</key>
			<string>0</string>
			<key>isa</key>
			<string>PBXFileReference</string>
			<key>name</key>
			<string>libPods-Unit Tests.a</string>
			<key>path</key>
			<string>libPods-Unit Tests.a</string>
			<key>sourceTree</key>
			<string>BUILT_PRODUCTS_DIR</string>
		</dict>
		<key>EB49FCBC25AC4BE59E4CDAA3</key>
		<dict>
			<key>includeInIndex</key>
			<string>1</string>
			<key>isa</key>
			<string>PBXFileReference</string>
			<key>lastKnownFileType</key>
			<string>text.xcconfig</string>
			<key>name</key>
			<string>Pods-Tests.xcconfig</string>
			<key>path</key>
			<string>Pods/Pods-Tests.xcconfig</string>
			<key>sourceTree</key>
			<string>SOURCE_ROOT</string>
		</dict>
		<key>F7134C4E4356497FA0247A31</key>
		<dict>
			<key>fileRef</key>
			<string>B81748F369994F9CAD780A8E</string>
			<key>isa</key>
			<string>PBXBuildFile</string>
		</dict>
	</dict>
	<key>rootObject</key>
	<string>94A1C76B16A97B3F008C170D</string>
</dict>
</plist>
